// !$*UTF8*$!
{
	archiveVersion = 1;
	classes = {
	};
	objectVersion = 50;
	objects = {

/* Begin PBXBuildFile section */
		616B4D822602FE9800F2F8DF /* Tests_iOS.swift in Sources */ = {isa = PBXBuildFile; fileRef = 616B4D812602FE9800F2F8DF /* Tests_iOS.swift */; };
		616B4D8D2602FE9800F2F8DF /* Tests_macOS.swift in Sources */ = {isa = PBXBuildFile; fileRef = 616B4D8C2602FE9800F2F8DF /* Tests_macOS.swift */; };
		616B4D8F2602FE9800F2F8DF /* Programming_CalculatorApp.swift in Sources */ = {isa = PBXBuildFile; fileRef = 616B4D662602FE9700F2F8DF /* Programming_CalculatorApp.swift */; };
		616B4D902602FE9800F2F8DF /* Programming_CalculatorApp.swift in Sources */ = {isa = PBXBuildFile; fileRef = 616B4D662602FE9700F2F8DF /* Programming_CalculatorApp.swift */; };
		616B4D912602FE9800F2F8DF /* ContentView.swift in Sources */ = {isa = PBXBuildFile; fileRef = 616B4D672602FE9700F2F8DF /* ContentView.swift */; };
		616B4D922602FE9800F2F8DF /* ContentView.swift in Sources */ = {isa = PBXBuildFile; fileRef = 616B4D672602FE9700F2F8DF /* ContentView.swift */; };
		616B4D932602FE9800F2F8DF /* Assets.xcassets in Resources */ = {isa = PBXBuildFile; fileRef = 616B4D682602FE9800F2F8DF /* Assets.xcassets */; };
		616B4D942602FE9800F2F8DF /* Assets.xcassets in Resources */ = {isa = PBXBuildFile; fileRef = 616B4D682602FE9800F2F8DF /* Assets.xcassets */; };
		616B4DA92602FEC800F2F8DF /* Calculator.swift in Sources */ = {isa = PBXBuildFile; fileRef = 616B4DA82602FEC800F2F8DF /* Calculator.swift */; };
		616B4DAA2602FEC800F2F8DF /* Calculator.swift in Sources */ = {isa = PBXBuildFile; fileRef = 616B4DA82602FEC800F2F8DF /* Calculator.swift */; };
		6188453B2603CEF7001BEE7B /* EquationDisplay.swift in Sources */ = {isa = PBXBuildFile; fileRef = 6188453A2603CEF7001BEE7B /* EquationDisplay.swift */; };
		6188453C2603CEF7001BEE7B /* EquationDisplay.swift in Sources */ = {isa = PBXBuildFile; fileRef = 6188453A2603CEF7001BEE7B /* EquationDisplay.swift */; };
		6188454F2603E8CD001BEE7B /* Enums.swift in Sources */ = {isa = PBXBuildFile; fileRef = 6188454E2603E8CD001BEE7B /* Enums.swift */; };
		618845502603E8CD001BEE7B /* Enums.swift in Sources */ = {isa = PBXBuildFile; fileRef = 6188454E2603E8CD001BEE7B /* Enums.swift */; };
		6188456E2604115D001BEE7B /* Conversions.swift in Sources */ = {isa = PBXBuildFile; fileRef = 6188456D2604115D001BEE7B /* Conversions.swift */; };
		6188456F2604115D001BEE7B /* Conversions.swift in Sources */ = {isa = PBXBuildFile; fileRef = 6188456D2604115D001BEE7B /* Conversions.swift */; };
		6188457D26041C55001BEE7B /* Buttons.swift in Sources */ = {isa = PBXBuildFile; fileRef = 6188457C26041C55001BEE7B /* Buttons.swift */; };
		6188457E26041C55001BEE7B /* Buttons.swift in Sources */ = {isa = PBXBuildFile; fileRef = 6188457C26041C55001BEE7B /* Buttons.swift */; };
		61E3246426056054007E7958 /* Colors.xcassets in Resources */ = {isa = PBXBuildFile; fileRef = 61E3246326056054007E7958 /* Colors.xcassets */; };
		61E3246526056054007E7958 /* Colors.xcassets in Resources */ = {isa = PBXBuildFile; fileRef = 61E3246326056054007E7958 /* Colors.xcassets */; };
		61E3246B2605632B007E7958 /* Colors.swift in Sources */ = {isa = PBXBuildFile; fileRef = 61E3246A2605632B007E7958 /* Colors.swift */; };
		61E3246C2605632B007E7958 /* Colors.swift in Sources */ = {isa = PBXBuildFile; fileRef = 61E3246A2605632B007E7958 /* Colors.swift */; };
/* End PBXBuildFile section */

/* Begin PBXContainerItemProxy section */
		616B4D7E2602FE9800F2F8DF /* PBXContainerItemProxy */ = {
			isa = PBXContainerItemProxy;
			containerPortal = 616B4D612602FE9700F2F8DF /* Project object */;
			proxyType = 1;
			remoteGlobalIDString = 616B4D6C2602FE9800F2F8DF;
			remoteInfo = "Programming Calculator (iOS)";
		};
		616B4D892602FE9800F2F8DF /* PBXContainerItemProxy */ = {
			isa = PBXContainerItemProxy;
			containerPortal = 616B4D612602FE9700F2F8DF /* Project object */;
			proxyType = 1;
			remoteGlobalIDString = 616B4D742602FE9800F2F8DF;
			remoteInfo = "Programming Calculator (macOS)";
		};
/* End PBXContainerItemProxy section */

/* Begin PBXFileReference section */
		261286C72603DF8F00C89659 /* Programming Calculator.entitlements */ = {isa = PBXFileReference; lastKnownFileType = text.plist.entitlements; path = "Programming Calculator.entitlements"; sourceTree = "<group>"; };
		616B4D662602FE9700F2F8DF /* Programming_CalculatorApp.swift */ = {isa = PBXFileReference; lastKnownFileType = sourcecode.swift; path = Programming_CalculatorApp.swift; sourceTree = "<group>"; };
		616B4D672602FE9700F2F8DF /* ContentView.swift */ = {isa = PBXFileReference; lastKnownFileType = sourcecode.swift; path = ContentView.swift; sourceTree = "<group>"; };
		616B4D682602FE9800F2F8DF /* Assets.xcassets */ = {isa = PBXFileReference; lastKnownFileType = folder.assetcatalog; path = Assets.xcassets; sourceTree = "<group>"; };
		616B4D6D2602FE9800F2F8DF /* Programming Calculator.app */ = {isa = PBXFileReference; explicitFileType = wrapper.application; includeInIndex = 0; path = "Programming Calculator.app"; sourceTree = BUILT_PRODUCTS_DIR; };
		616B4D702602FE9800F2F8DF /* Info.plist */ = {isa = PBXFileReference; lastKnownFileType = text.plist.xml; path = Info.plist; sourceTree = "<group>"; };
		616B4D752602FE9800F2F8DF /* Programming Calculator.app */ = {isa = PBXFileReference; explicitFileType = wrapper.application; includeInIndex = 0; path = "Programming Calculator.app"; sourceTree = BUILT_PRODUCTS_DIR; };
		616B4D772602FE9800F2F8DF /* Info.plist */ = {isa = PBXFileReference; lastKnownFileType = text.plist.xml; path = Info.plist; sourceTree = "<group>"; };
		616B4D782602FE9800F2F8DF /* macOS.entitlements */ = {isa = PBXFileReference; lastKnownFileType = text.plist.entitlements; path = macOS.entitlements; sourceTree = "<group>"; };
		616B4D7D2602FE9800F2F8DF /* Tests iOS.xctest */ = {isa = PBXFileReference; explicitFileType = wrapper.cfbundle; includeInIndex = 0; path = "Tests iOS.xctest"; sourceTree = BUILT_PRODUCTS_DIR; };
		616B4D812602FE9800F2F8DF /* Tests_iOS.swift */ = {isa = PBXFileReference; lastKnownFileType = sourcecode.swift; path = Tests_iOS.swift; sourceTree = "<group>"; };
		616B4D832602FE9800F2F8DF /* Info.plist */ = {isa = PBXFileReference; lastKnownFileType = text.plist.xml; path = Info.plist; sourceTree = "<group>"; };
		616B4D882602FE9800F2F8DF /* Tests macOS.xctest */ = {isa = PBXFileReference; explicitFileType = wrapper.cfbundle; includeInIndex = 0; path = "Tests macOS.xctest"; sourceTree = BUILT_PRODUCTS_DIR; };
		616B4D8C2602FE9800F2F8DF /* Tests_macOS.swift */ = {isa = PBXFileReference; lastKnownFileType = sourcecode.swift; path = Tests_macOS.swift; sourceTree = "<group>"; };
		616B4D8E2602FE9800F2F8DF /* Info.plist */ = {isa = PBXFileReference; lastKnownFileType = text.plist.xml; path = Info.plist; sourceTree = "<group>"; };
		616B4DA82602FEC800F2F8DF /* Calculator.swift */ = {isa = PBXFileReference; lastKnownFileType = sourcecode.swift; path = Calculator.swift; sourceTree = "<group>"; };
		6188453A2603CEF7001BEE7B /* EquationDisplay.swift */ = {isa = PBXFileReference; lastKnownFileType = sourcecode.swift; path = EquationDisplay.swift; sourceTree = "<group>"; };
		6188454E2603E8CD001BEE7B /* Enums.swift */ = {isa = PBXFileReference; lastKnownFileType = sourcecode.swift; path = Enums.swift; sourceTree = "<group>"; };
		6188456D2604115D001BEE7B /* Conversions.swift */ = {isa = PBXFileReference; lastKnownFileType = sourcecode.swift; path = Conversions.swift; sourceTree = "<group>"; };
		6188457C26041C55001BEE7B /* Buttons.swift */ = {isa = PBXFileReference; lastKnownFileType = sourcecode.swift; path = Buttons.swift; sourceTree = "<group>"; };
		61E3246326056054007E7958 /* Colors.xcassets */ = {isa = PBXFileReference; lastKnownFileType = folder.assetcatalog; path = Colors.xcassets; sourceTree = "<group>"; };
		61E3246A2605632B007E7958 /* Colors.swift */ = {isa = PBXFileReference; lastKnownFileType = sourcecode.swift; path = Colors.swift; sourceTree = "<group>"; };
/* End PBXFileReference section */

/* Begin PBXFrameworksBuildPhase section */
		616B4D6A2602FE9800F2F8DF /* Frameworks */ = {
			isa = PBXFrameworksBuildPhase;
			buildActionMask = 2147483647;
			files = (
			);
			runOnlyForDeploymentPostprocessing = 0;
		};
		616B4D722602FE9800F2F8DF /* Frameworks */ = {
			isa = PBXFrameworksBuildPhase;
			buildActionMask = 2147483647;
			files = (
			);
			runOnlyForDeploymentPostprocessing = 0;
		};
		616B4D7A2602FE9800F2F8DF /* Frameworks */ = {
			isa = PBXFrameworksBuildPhase;
			buildActionMask = 2147483647;
			files = (
			);
			runOnlyForDeploymentPostprocessing = 0;
		};
		616B4D852602FE9800F2F8DF /* Frameworks */ = {
			isa = PBXFrameworksBuildPhase;
			buildActionMask = 2147483647;
			files = (
			);
			runOnlyForDeploymentPostprocessing = 0;
		};
/* End PBXFrameworksBuildPhase section */

/* Begin PBXGroup section */
		616B4D602602FE9700F2F8DF = {
			isa = PBXGroup;
			children = (
				261286C72603DF8F00C89659 /* Programming Calculator.entitlements */,
				616B4D652602FE9700F2F8DF /* Shared */,
				616B4D6F2602FE9800F2F8DF /* iOS */,
				616B4D762602FE9800F2F8DF /* macOS */,
				616B4D802602FE9800F2F8DF /* Tests iOS */,
				616B4D8B2602FE9800F2F8DF /* Tests macOS */,
				616B4D6E2602FE9800F2F8DF /* Products */,
			);
			sourceTree = "<group>";
		};
		616B4D652602FE9700F2F8DF /* Shared */ = {
			isa = PBXGroup;
			children = (
				6188454D2603E8B6001BEE7B /* Models */,
				616B4DA72602FEAE00F2F8DF /* Views */,
				616B4D662602FE9700F2F8DF /* Programming_CalculatorApp.swift */,
				616B4D672602FE9700F2F8DF /* ContentView.swift */,
				616B4D682602FE9800F2F8DF /* Assets.xcassets */,
				61E3246326056054007E7958 /* Colors.xcassets */,
			);
			path = Shared;
			sourceTree = "<group>";
		};
		616B4D6E2602FE9800F2F8DF /* Products */ = {
			isa = PBXGroup;
			children = (
				616B4D6D2602FE9800F2F8DF /* Programming Calculator.app */,
				616B4D752602FE9800F2F8DF /* Programming Calculator.app */,
				616B4D7D2602FE9800F2F8DF /* Tests iOS.xctest */,
				616B4D882602FE9800F2F8DF /* Tests macOS.xctest */,
			);
			name = Products;
			sourceTree = "<group>";
		};
		616B4D6F2602FE9800F2F8DF /* iOS */ = {
			isa = PBXGroup;
			children = (
				616B4D702602FE9800F2F8DF /* Info.plist */,
			);
			path = iOS;
			sourceTree = "<group>";
		};
		616B4D762602FE9800F2F8DF /* macOS */ = {
			isa = PBXGroup;
			children = (
				616B4D772602FE9800F2F8DF /* Info.plist */,
				616B4D782602FE9800F2F8DF /* macOS.entitlements */,
			);
			path = macOS;
			sourceTree = "<group>";
		};
		616B4D802602FE9800F2F8DF /* Tests iOS */ = {
			isa = PBXGroup;
			children = (
				616B4D812602FE9800F2F8DF /* Tests_iOS.swift */,
				616B4D832602FE9800F2F8DF /* Info.plist */,
			);
			path = "Tests iOS";
			sourceTree = "<group>";
		};
		616B4D8B2602FE9800F2F8DF /* Tests macOS */ = {
			isa = PBXGroup;
			children = (
				616B4D8C2602FE9800F2F8DF /* Tests_macOS.swift */,
				616B4D8E2602FE9800F2F8DF /* Info.plist */,
			);
			path = "Tests macOS";
			sourceTree = "<group>";
		};
		616B4DA72602FEAE00F2F8DF /* Views */ = {
			isa = PBXGroup;
			children = (
				616B4DA82602FEC800F2F8DF /* Calculator.swift */,
				6188453A2603CEF7001BEE7B /* EquationDisplay.swift */,
			);
			path = Views;
			sourceTree = "<group>";
		};
		6188454D2603E8B6001BEE7B /* Models */ = {
			isa = PBXGroup;
			children = (
				6188454E2603E8CD001BEE7B /* Enums.swift */,
				6188456D2604115D001BEE7B /* Conversions.swift */,
				6188457C26041C55001BEE7B /* Buttons.swift */,
				61E3246A2605632B007E7958 /* Colors.swift */,
			);
			name = Models;
			sourceTree = "<group>";
		};
/* End PBXGroup section */

/* Begin PBXNativeTarget section */
		616B4D6C2602FE9800F2F8DF /* Programming Calculator (iOS) */ = {
			isa = PBXNativeTarget;
			buildConfigurationList = 616B4D972602FE9800F2F8DF /* Build configuration list for PBXNativeTarget "Programming Calculator (iOS)" */;
			buildPhases = (
				616B4D692602FE9800F2F8DF /* Sources */,
				616B4D6A2602FE9800F2F8DF /* Frameworks */,
				616B4D6B2602FE9800F2F8DF /* Resources */,
				261286BA2603DD4100C89659 /* ShellScript */,
			);
			buildRules = (
			);
			dependencies = (
			);
			name = "Programming Calculator (iOS)";
			productName = "Programming Calculator (iOS)";
			productReference = 616B4D6D2602FE9800F2F8DF /* Programming Calculator.app */;
			productType = "com.apple.product-type.application";
		};
		616B4D742602FE9800F2F8DF /* Programming Calculator (macOS) */ = {
			isa = PBXNativeTarget;
			buildConfigurationList = 616B4D9A2602FE9800F2F8DF /* Build configuration list for PBXNativeTarget "Programming Calculator (macOS)" */;
			buildPhases = (
				616B4D712602FE9800F2F8DF /* Sources */,
				616B4D722602FE9800F2F8DF /* Frameworks */,
				616B4D732602FE9800F2F8DF /* Resources */,
			);
			buildRules = (
			);
			dependencies = (
			);
			name = "Programming Calculator (macOS)";
			productName = "Programming Calculator (macOS)";
			productReference = 616B4D752602FE9800F2F8DF /* Programming Calculator.app */;
			productType = "com.apple.product-type.application";
		};
		616B4D7C2602FE9800F2F8DF /* Tests iOS */ = {
			isa = PBXNativeTarget;
			buildConfigurationList = 616B4D9D2602FE9800F2F8DF /* Build configuration list for PBXNativeTarget "Tests iOS" */;
			buildPhases = (
				616B4D792602FE9800F2F8DF /* Sources */,
				616B4D7A2602FE9800F2F8DF /* Frameworks */,
				616B4D7B2602FE9800F2F8DF /* Resources */,
			);
			buildRules = (
			);
			dependencies = (
				616B4D7F2602FE9800F2F8DF /* PBXTargetDependency */,
			);
			name = "Tests iOS";
			productName = "Tests iOS";
			productReference = 616B4D7D2602FE9800F2F8DF /* Tests iOS.xctest */;
			productType = "com.apple.product-type.bundle.ui-testing";
		};
		616B4D872602FE9800F2F8DF /* Tests macOS */ = {
			isa = PBXNativeTarget;
			buildConfigurationList = 616B4DA02602FE9800F2F8DF /* Build configuration list for PBXNativeTarget "Tests macOS" */;
			buildPhases = (
				616B4D842602FE9800F2F8DF /* Sources */,
				616B4D852602FE9800F2F8DF /* Frameworks */,
				616B4D862602FE9800F2F8DF /* Resources */,
			);
			buildRules = (
			);
			dependencies = (
				616B4D8A2602FE9800F2F8DF /* PBXTargetDependency */,
			);
			name = "Tests macOS";
			productName = "Tests macOS";
			productReference = 616B4D882602FE9800F2F8DF /* Tests macOS.xctest */;
			productType = "com.apple.product-type.bundle.ui-testing";
		};
/* End PBXNativeTarget section */

/* Begin PBXProject section */
		616B4D612602FE9700F2F8DF /* Project object */ = {
			isa = PBXProject;
			attributes = {
				LastSwiftUpdateCheck = 1240;
				LastUpgradeCheck = 1240;
				TargetAttributes = {
					616B4D6C2602FE9800F2F8DF = {
						CreatedOnToolsVersion = 12.4;
					};
					616B4D742602FE9800F2F8DF = {
						CreatedOnToolsVersion = 12.4;
					};
					616B4D7C2602FE9800F2F8DF = {
						CreatedOnToolsVersion = 12.4;
						TestTargetID = 616B4D6C2602FE9800F2F8DF;
					};
					616B4D872602FE9800F2F8DF = {
						CreatedOnToolsVersion = 12.4;
						TestTargetID = 616B4D742602FE9800F2F8DF;
					};
				};
			};
			buildConfigurationList = 616B4D642602FE9700F2F8DF /* Build configuration list for PBXProject "Programming Calculator" */;
			compatibilityVersion = "Xcode 9.3";
			developmentRegion = en;
			hasScannedForEncodings = 0;
			knownRegions = (
				en,
				Base,
			);
			mainGroup = 616B4D602602FE9700F2F8DF;
			productRefGroup = 616B4D6E2602FE9800F2F8DF /* Products */;
			projectDirPath = "";
			projectRoot = "";
			targets = (
				616B4D6C2602FE9800F2F8DF /* Programming Calculator (iOS) */,
				616B4D742602FE9800F2F8DF /* Programming Calculator (macOS) */,
				616B4D7C2602FE9800F2F8DF /* Tests iOS */,
				616B4D872602FE9800F2F8DF /* Tests macOS */,
			);
		};
/* End PBXProject section */

/* Begin PBXResourcesBuildPhase section */
		616B4D6B2602FE9800F2F8DF /* Resources */ = {
			isa = PBXResourcesBuildPhase;
			buildActionMask = 2147483647;
			files = (
				616B4D932602FE9800F2F8DF /* Assets.xcassets in Resources */,
				61E3246426056054007E7958 /* Colors.xcassets in Resources */,
			);
			runOnlyForDeploymentPostprocessing = 0;
		};
		616B4D732602FE9800F2F8DF /* Resources */ = {
			isa = PBXResourcesBuildPhase;
			buildActionMask = 2147483647;
			files = (
				616B4D942602FE9800F2F8DF /* Assets.xcassets in Resources */,
				61E3246526056054007E7958 /* Colors.xcassets in Resources */,
			);
			runOnlyForDeploymentPostprocessing = 0;
		};
		616B4D7B2602FE9800F2F8DF /* Resources */ = {
			isa = PBXResourcesBuildPhase;
			buildActionMask = 2147483647;
			files = (
			);
			runOnlyForDeploymentPostprocessing = 0;
		};
		616B4D862602FE9800F2F8DF /* Resources */ = {
			isa = PBXResourcesBuildPhase;
			buildActionMask = 2147483647;
			files = (
			);
			runOnlyForDeploymentPostprocessing = 0;
		};
/* End PBXResourcesBuildPhase section */

/* Begin PBXShellScriptBuildPhase section */
		261286BA2603DD4100C89659 /* ShellScript */ = {
			isa = PBXShellScriptBuildPhase;
			buildActionMask = 2147483647;
			files = (
			);
			inputFileListPaths = (
			);
			inputPaths = (
			);
			outputFileListPaths = (
			);
			outputPaths = (
			);
			runOnlyForDeploymentPostprocessing = 0;
			shellPath = /bin/sh;
			shellScript = "TAGS=\"TODO:|FIXME:\"\nERRORTAG=\"ERROR:\"\nfind \"${SRCROOT}\" \\( -name \"*.h\" -or -name \"*.m\" -or -name \"*.swift\" \\) -print0 | xargs -0 egrep --with-filename --line-number --only-matching \"($TAGS).*\\$|($ERRORTAG).*\\$\" | perl -p -e \"s/($TAGS)/ warning: \\$1/\" | perl -p -e \"s/($ERRORTAG)/ error: \\$1/\"\n";
		};
/* End PBXShellScriptBuildPhase section */

/* Begin PBXSourcesBuildPhase section */
		616B4D692602FE9800F2F8DF /* Sources */ = {
			isa = PBXSourcesBuildPhase;
			buildActionMask = 2147483647;
			files = (
				6188457D26041C55001BEE7B /* Buttons.swift in Sources */,
				61E3246B2605632B007E7958 /* Colors.swift in Sources */,
				616B4DA92602FEC800F2F8DF /* Calculator.swift in Sources */,
				616B4D912602FE9800F2F8DF /* ContentView.swift in Sources */,
				6188454F2603E8CD001BEE7B /* Enums.swift in Sources */,
				6188456E2604115D001BEE7B /* Conversions.swift in Sources */,
				616B4D8F2602FE9800F2F8DF /* Programming_CalculatorApp.swift in Sources */,
				6188453B2603CEF7001BEE7B /* EquationDisplay.swift in Sources */,
			);
			runOnlyForDeploymentPostprocessing = 0;
		};
		616B4D712602FE9800F2F8DF /* Sources */ = {
			isa = PBXSourcesBuildPhase;
			buildActionMask = 2147483647;
			files = (
				6188457E26041C55001BEE7B /* Buttons.swift in Sources */,
				61E3246C2605632B007E7958 /* Colors.swift in Sources */,
				616B4DAA2602FEC800F2F8DF /* Calculator.swift in Sources */,
				616B4D922602FE9800F2F8DF /* ContentView.swift in Sources */,
				618845502603E8CD001BEE7B /* Enums.swift in Sources */,
				6188456F2604115D001BEE7B /* Conversions.swift in Sources */,
				616B4D902602FE9800F2F8DF /* Programming_CalculatorApp.swift in Sources */,
				6188453C2603CEF7001BEE7B /* EquationDisplay.swift in Sources */,
			);
			runOnlyForDeploymentPostprocessing = 0;
		};
		616B4D792602FE9800F2F8DF /* Sources */ = {
			isa = PBXSourcesBuildPhase;
			buildActionMask = 2147483647;
			files = (
				616B4D822602FE9800F2F8DF /* Tests_iOS.swift in Sources */,
			);
			runOnlyForDeploymentPostprocessing = 0;
		};
		616B4D842602FE9800F2F8DF /* Sources */ = {
			isa = PBXSourcesBuildPhase;
			buildActionMask = 2147483647;
			files = (
				616B4D8D2602FE9800F2F8DF /* Tests_macOS.swift in Sources */,
			);
			runOnlyForDeploymentPostprocessing = 0;
		};
/* End PBXSourcesBuildPhase section */

/* Begin PBXTargetDependency section */
		616B4D7F2602FE9800F2F8DF /* PBXTargetDependency */ = {
			isa = PBXTargetDependency;
			target = 616B4D6C2602FE9800F2F8DF /* Programming Calculator (iOS) */;
			targetProxy = 616B4D7E2602FE9800F2F8DF /* PBXContainerItemProxy */;
		};
		616B4D8A2602FE9800F2F8DF /* PBXTargetDependency */ = {
			isa = PBXTargetDependency;
			target = 616B4D742602FE9800F2F8DF /* Programming Calculator (macOS) */;
			targetProxy = 616B4D892602FE9800F2F8DF /* PBXContainerItemProxy */;
		};
/* End PBXTargetDependency section */

/* Begin XCBuildConfiguration section */
		616B4D952602FE9800F2F8DF /* Debug */ = {
			isa = XCBuildConfiguration;
			buildSettings = {
				ALWAYS_SEARCH_USER_PATHS = NO;
				CLANG_ANALYZER_NONNULL = YES;
				CLANG_ANALYZER_NUMBER_OBJECT_CONVERSION = YES_AGGRESSIVE;
				CLANG_CXX_LANGUAGE_STANDARD = "gnu++14";
				CLANG_CXX_LIBRARY = "libc++";
				CLANG_ENABLE_MODULES = YES;
				CLANG_ENABLE_OBJC_ARC = YES;
				CLANG_ENABLE_OBJC_WEAK = YES;
				CLANG_WARN_BLOCK_CAPTURE_AUTORELEASING = YES;
				CLANG_WARN_BOOL_CONVERSION = YES;
				CLANG_WARN_COMMA = YES;
				CLANG_WARN_CONSTANT_CONVERSION = YES;
				CLANG_WARN_DEPRECATED_OBJC_IMPLEMENTATIONS = YES;
				CLANG_WARN_DIRECT_OBJC_ISA_USAGE = YES_ERROR;
				CLANG_WARN_DOCUMENTATION_COMMENTS = YES;
				CLANG_WARN_EMPTY_BODY = YES;
				CLANG_WARN_ENUM_CONVERSION = YES;
				CLANG_WARN_INFINITE_RECURSION = YES;
				CLANG_WARN_INT_CONVERSION = YES;
				CLANG_WARN_NON_LITERAL_NULL_CONVERSION = YES;
				CLANG_WARN_OBJC_IMPLICIT_RETAIN_SELF = YES;
				CLANG_WARN_OBJC_LITERAL_CONVERSION = YES;
				CLANG_WARN_OBJC_ROOT_CLASS = YES_ERROR;
				CLANG_WARN_QUOTED_INCLUDE_IN_FRAMEWORK_HEADER = YES;
				CLANG_WARN_RANGE_LOOP_ANALYSIS = YES;
				CLANG_WARN_STRICT_PROTOTYPES = YES;
				CLANG_WARN_SUSPICIOUS_MOVE = YES;
				CLANG_WARN_UNGUARDED_AVAILABILITY = YES_AGGRESSIVE;
				CLANG_WARN_UNREACHABLE_CODE = YES;
				CLANG_WARN__DUPLICATE_METHOD_MATCH = YES;
				COPY_PHASE_STRIP = NO;
				DEBUG_INFORMATION_FORMAT = dwarf;
				ENABLE_STRICT_OBJC_MSGSEND = YES;
				ENABLE_TESTABILITY = YES;
				GCC_C_LANGUAGE_STANDARD = gnu11;
				GCC_DYNAMIC_NO_PIC = NO;
				GCC_NO_COMMON_BLOCKS = YES;
				GCC_OPTIMIZATION_LEVEL = 0;
				GCC_PREPROCESSOR_DEFINITIONS = (
					"DEBUG=1",
					"$(inherited)",
				);
				GCC_WARN_64_TO_32_BIT_CONVERSION = YES;
				GCC_WARN_ABOUT_RETURN_TYPE = YES_ERROR;
				GCC_WARN_UNDECLARED_SELECTOR = YES;
				GCC_WARN_UNINITIALIZED_AUTOS = YES_AGGRESSIVE;
				GCC_WARN_UNUSED_FUNCTION = YES;
				GCC_WARN_UNUSED_VARIABLE = YES;
				MTL_ENABLE_DEBUG_INFO = INCLUDE_SOURCE;
				MTL_FAST_MATH = YES;
				ONLY_ACTIVE_ARCH = YES;
				SWIFT_ACTIVE_COMPILATION_CONDITIONS = DEBUG;
				SWIFT_OPTIMIZATION_LEVEL = "-Onone";
			};
			name = Debug;
		};
		616B4D962602FE9800F2F8DF /* Release */ = {
			isa = XCBuildConfiguration;
			buildSettings = {
				ALWAYS_SEARCH_USER_PATHS = NO;
				CLANG_ANALYZER_NONNULL = YES;
				CLANG_ANALYZER_NUMBER_OBJECT_CONVERSION = YES_AGGRESSIVE;
				CLANG_CXX_LANGUAGE_STANDARD = "gnu++14";
				CLANG_CXX_LIBRARY = "libc++";
				CLANG_ENABLE_MODULES = YES;
				CLANG_ENABLE_OBJC_ARC = YES;
				CLANG_ENABLE_OBJC_WEAK = YES;
				CLANG_WARN_BLOCK_CAPTURE_AUTORELEASING = YES;
				CLANG_WARN_BOOL_CONVERSION = YES;
				CLANG_WARN_COMMA = YES;
				CLANG_WARN_CONSTANT_CONVERSION = YES;
				CLANG_WARN_DEPRECATED_OBJC_IMPLEMENTATIONS = YES;
				CLANG_WARN_DIRECT_OBJC_ISA_USAGE = YES_ERROR;
				CLANG_WARN_DOCUMENTATION_COMMENTS = YES;
				CLANG_WARN_EMPTY_BODY = YES;
				CLANG_WARN_ENUM_CONVERSION = YES;
				CLANG_WARN_INFINITE_RECURSION = YES;
				CLANG_WARN_INT_CONVERSION = YES;
				CLANG_WARN_NON_LITERAL_NULL_CONVERSION = YES;
				CLANG_WARN_OBJC_IMPLICIT_RETAIN_SELF = YES;
				CLANG_WARN_OBJC_LITERAL_CONVERSION = YES;
				CLANG_WARN_OBJC_ROOT_CLASS = YES_ERROR;
				CLANG_WARN_QUOTED_INCLUDE_IN_FRAMEWORK_HEADER = YES;
				CLANG_WARN_RANGE_LOOP_ANALYSIS = YES;
				CLANG_WARN_STRICT_PROTOTYPES = YES;
				CLANG_WARN_SUSPICIOUS_MOVE = YES;
				CLANG_WARN_UNGUARDED_AVAILABILITY = YES_AGGRESSIVE;
				CLANG_WARN_UNREACHABLE_CODE = YES;
				CLANG_WARN__DUPLICATE_METHOD_MATCH = YES;
				COPY_PHASE_STRIP = NO;
				DEBUG_INFORMATION_FORMAT = "dwarf-with-dsym";
				ENABLE_NS_ASSERTIONS = NO;
				ENABLE_STRICT_OBJC_MSGSEND = YES;
				GCC_C_LANGUAGE_STANDARD = gnu11;
				GCC_NO_COMMON_BLOCKS = YES;
				GCC_WARN_64_TO_32_BIT_CONVERSION = YES;
				GCC_WARN_ABOUT_RETURN_TYPE = YES_ERROR;
				GCC_WARN_UNDECLARED_SELECTOR = YES;
				GCC_WARN_UNINITIALIZED_AUTOS = YES_AGGRESSIVE;
				GCC_WARN_UNUSED_FUNCTION = YES;
				GCC_WARN_UNUSED_VARIABLE = YES;
				MTL_ENABLE_DEBUG_INFO = NO;
				MTL_FAST_MATH = YES;
				SWIFT_COMPILATION_MODE = wholemodule;
				SWIFT_OPTIMIZATION_LEVEL = "-O";
			};
			name = Release;
		};
		616B4D982602FE9800F2F8DF /* Debug */ = {
			isa = XCBuildConfiguration;
			buildSettings = {
				ASSETCATALOG_COMPILER_APPICON_NAME = AppIcon;
				ASSETCATALOG_COMPILER_GLOBAL_ACCENT_COLOR_NAME = AccentColor;
				CODE_SIGN_ENTITLEMENTS = "Programming Calculator.entitlements";
				CODE_SIGN_STYLE = Automatic;
				DEVELOPMENT_TEAM = 7B82QUU22R;
				ENABLE_PREVIEWS = YES;
				INFOPLIST_FILE = iOS/Info.plist;
				IPHONEOS_DEPLOYMENT_TARGET = 14.0;
				LD_RUNPATH_SEARCH_PATHS = (
					"$(inherited)",
					"@executable_path/Frameworks",
				);
				PRODUCT_BUNDLE_IDENTIFIER = "com.Programming-Calculator";
				PRODUCT_NAME = "Programming Calculator";
				SDKROOT = iphoneos;
				SUPPORTS_MACCATALYST = YES;
				SWIFT_VERSION = 5.0;
				TARGETED_DEVICE_FAMILY = "1,2";
			};
			name = Debug;
		};
		616B4D992602FE9800F2F8DF /* Release */ = {
			isa = XCBuildConfiguration;
			buildSettings = {
				ASSETCATALOG_COMPILER_APPICON_NAME = AppIcon;
				ASSETCATALOG_COMPILER_GLOBAL_ACCENT_COLOR_NAME = AccentColor;
				CODE_SIGN_ENTITLEMENTS = "Programming Calculator.entitlements";
				CODE_SIGN_STYLE = Automatic;
				DEVELOPMENT_TEAM = 7B82QUU22R;
				ENABLE_PREVIEWS = YES;
				INFOPLIST_FILE = iOS/Info.plist;
				IPHONEOS_DEPLOYMENT_TARGET = 14.0;
				LD_RUNPATH_SEARCH_PATHS = (
					"$(inherited)",
					"@executable_path/Frameworks",
				);
				PRODUCT_BUNDLE_IDENTIFIER = "com.Programming-Calculator";
				PRODUCT_NAME = "Programming Calculator";
				SDKROOT = iphoneos;
				SUPPORTS_MACCATALYST = YES;
				SWIFT_VERSION = 5.0;
				TARGETED_DEVICE_FAMILY = "1,2";
				VALIDATE_PRODUCT = YES;
			};
			name = Release;
		};
		616B4D9B2602FE9800F2F8DF /* Debug */ = {
			isa = XCBuildConfiguration;
			buildSettings = {
				ASSETCATALOG_COMPILER_APPICON_NAME = AppIcon;
				ASSETCATALOG_COMPILER_GLOBAL_ACCENT_COLOR_NAME = AccentColor;
				CODE_SIGN_ENTITLEMENTS = macOS/macOS.entitlements;
				CODE_SIGN_STYLE = Automatic;
				COMBINE_HIDPI_IMAGES = YES;
				DEVELOPMENT_TEAM = KJX3YL6938;
				ENABLE_HARDENED_RUNTIME = YES;
				ENABLE_PREVIEWS = YES;
				INFOPLIST_FILE = macOS/Info.plist;
				LD_RUNPATH_SEARCH_PATHS = (
					"$(inherited)",
					"@executable_path/../Frameworks",
				);
				MACOSX_DEPLOYMENT_TARGET = 11.0;
				PRODUCT_BUNDLE_IDENTIFIER = "com.Po.Programming-Calculator";
				PRODUCT_NAME = "Programming Calculator";
				SDKROOT = macosx;
				SWIFT_VERSION = 5.0;
			};
			name = Debug;
		};
		616B4D9C2602FE9800F2F8DF /* Release */ = {
			isa = XCBuildConfiguration;
			buildSettings = {
				ASSETCATALOG_COMPILER_APPICON_NAME = AppIcon;
				ASSETCATALOG_COMPILER_GLOBAL_ACCENT_COLOR_NAME = AccentColor;
				CODE_SIGN_ENTITLEMENTS = macOS/macOS.entitlements;
				CODE_SIGN_STYLE = Automatic;
				COMBINE_HIDPI_IMAGES = YES;
				DEVELOPMENT_TEAM = KJX3YL6938;
				ENABLE_HARDENED_RUNTIME = YES;
				ENABLE_PREVIEWS = YES;
				INFOPLIST_FILE = macOS/Info.plist;
				LD_RUNPATH_SEARCH_PATHS = (
					"$(inherited)",
					"@executable_path/../Frameworks",
				);
				MACOSX_DEPLOYMENT_TARGET = 11.0;
				PRODUCT_BUNDLE_IDENTIFIER = "com.Po.Programming-Calculator";
				PRODUCT_NAME = "Programming Calculator";
				SDKROOT = macosx;
				SWIFT_VERSION = 5.0;
			};
			name = Release;
		};
		616B4D9E2602FE9800F2F8DF /* Debug */ = {
			isa = XCBuildConfiguration;
			buildSettings = {
				ALWAYS_EMBED_SWIFT_STANDARD_LIBRARIES = YES;
				CODE_SIGN_STYLE = Automatic;
				DEVELOPMENT_TEAM = KJX3YL6938;
				INFOPLIST_FILE = "Tests iOS/Info.plist";
				IPHONEOS_DEPLOYMENT_TARGET = 14.4;
				LD_RUNPATH_SEARCH_PATHS = (
					"$(inherited)",
					"@executable_path/Frameworks",
					"@loader_path/Frameworks",
				);
				PRODUCT_BUNDLE_IDENTIFIER = "com.Po.Tests-iOS";
				PRODUCT_NAME = "$(TARGET_NAME)";
				SDKROOT = iphoneos;
				SWIFT_VERSION = 5.0;
				TARGETED_DEVICE_FAMILY = "1,2";
				TEST_TARGET_NAME = "Programming Calculator (iOS)";
			};
			name = Debug;
		};
		616B4D9F2602FE9800F2F8DF /* Release */ = {
			isa = XCBuildConfiguration;
			buildSettings = {
				ALWAYS_EMBED_SWIFT_STANDARD_LIBRARIES = YES;
				CODE_SIGN_STYLE = Automatic;
				DEVELOPMENT_TEAM = KJX3YL6938;
				INFOPLIST_FILE = "Tests iOS/Info.plist";
				IPHONEOS_DEPLOYMENT_TARGET = 14.4;
				LD_RUNPATH_SEARCH_PATHS = (
					"$(inherited)",
					"@executable_path/Frameworks",
					"@loader_path/Frameworks",
				);
				PRODUCT_BUNDLE_IDENTIFIER = "com.Po.Tests-iOS";
				PRODUCT_NAME = "$(TARGET_NAME)";
				SDKROOT = iphoneos;
				SWIFT_VERSION = 5.0;
				TARGETED_DEVICE_FAMILY = "1,2";
				TEST_TARGET_NAME = "Programming Calculator (iOS)";
				VALIDATE_PRODUCT = YES;
			};
			name = Release;
		};
		616B4DA12602FE9800F2F8DF /* Debug */ = {
			isa = XCBuildConfiguration;
			buildSettings = {
				ALWAYS_EMBED_SWIFT_STANDARD_LIBRARIES = YES;
				CODE_SIGN_STYLE = Automatic;
				COMBINE_HIDPI_IMAGES = YES;
				DEVELOPMENT_TEAM = KJX3YL6938;
				INFOPLIST_FILE = "Tests macOS/Info.plist";
				LD_RUNPATH_SEARCH_PATHS = (
					"$(inherited)",
					"@executable_path/../Frameworks",
					"@loader_path/../Frameworks",
				);
				MACOSX_DEPLOYMENT_TARGET = 11.1;
				PRODUCT_BUNDLE_IDENTIFIER = "com.Po.Tests-macOS";
				PRODUCT_NAME = "$(TARGET_NAME)";
				SDKROOT = macosx;
				SWIFT_VERSION = 5.0;
				TEST_TARGET_NAME = "Programming Calculator (macOS)";
			};
			name = Debug;
		};
		616B4DA22602FE9800F2F8DF /* Release */ = {
			isa = XCBuildConfiguration;
			buildSettings = {
				ALWAYS_EMBED_SWIFT_STANDARD_LIBRARIES = YES;
				CODE_SIGN_STYLE = Automatic;
				COMBINE_HIDPI_IMAGES = YES;
				DEVELOPMENT_TEAM = KJX3YL6938;
				INFOPLIST_FILE = "Tests macOS/Info.plist";
				LD_RUNPATH_SEARCH_PATHS = (
					"$(inherited)",
					"@executable_path/../Frameworks",
					"@loader_path/../Frameworks",
				);
				MACOSX_DEPLOYMENT_TARGET = 11.1;
				PRODUCT_BUNDLE_IDENTIFIER = "com.Po.Tests-macOS";
				PRODUCT_NAME = "$(TARGET_NAME)";
				SDKROOT = macosx;
				SWIFT_VERSION = 5.0;
				TEST_TARGET_NAME = "Programming Calculator (macOS)";
			};
			name = Release;
		};
/* End XCBuildConfiguration section */

/* Begin XCConfigurationList section */
		616B4D642602FE9700F2F8DF /* Build configuration list for PBXProject "Programming Calculator" */ = {
			isa = XCConfigurationList;
			buildConfigurations = (
				616B4D952602FE9800F2F8DF /* Debug */,
				616B4D962602FE9800F2F8DF /* Release */,
			);
			defaultConfigurationIsVisible = 0;
			defaultConfigurationName = Release;
		};
		616B4D972602FE9800F2F8DF /* Build configuration list for PBXNativeTarget "Programming Calculator (iOS)" */ = {
			isa = XCConfigurationList;
			buildConfigurations = (
				616B4D982602FE9800F2F8DF /* Debug */,
				616B4D992602FE9800F2F8DF /* Release */,
			);
			defaultConfigurationIsVisible = 0;
			defaultConfigurationName = Release;
		};
		616B4D9A2602FE9800F2F8DF /* Build configuration list for PBXNativeTarget "Programming Calculator (macOS)" */ = {
			isa = XCConfigurationList;
			buildConfigurations = (
				616B4D9B2602FE9800F2F8DF /* Debug */,
				616B4D9C2602FE9800F2F8DF /* Release */,
			);
			defaultConfigurationIsVisible = 0;
			defaultConfigurationName = Release;
		};
		616B4D9D2602FE9800F2F8DF /* Build configuration list for PBXNativeTarget "Tests iOS" */ = {
			isa = XCConfigurationList;
			buildConfigurations = (
				616B4D9E2602FE9800F2F8DF /* Debug */,
				616B4D9F2602FE9800F2F8DF /* Release */,
			);
			defaultConfigurationIsVisible = 0;
			defaultConfigurationName = Release;
		};
		616B4DA02602FE9800F2F8DF /* Build configuration list for PBXNativeTarget "Tests macOS" */ = {
			isa = XCConfigurationList;
			buildConfigurations = (
				616B4DA12602FE9800F2F8DF /* Debug */,
				616B4DA22602FE9800F2F8DF /* Release */,
			);
			defaultConfigurationIsVisible = 0;
			defaultConfigurationName = Release;
		};
/* End XCConfigurationList section */
	};
	rootObject = 616B4D612602FE9700F2F8DF /* Project object */;
}
